
Microsoft Visual Studio Solution File, Format Version 12.00
# Visual Studio 2012
Project("{FAE04EC0-301F-11D3-BF4B-00C04F79EFBC}") = "Dealer", "Dealer\Dealer.csproj", "{945812CA-6024-49A1-848C-9DEC5665165B}"
EndProject
Project("{FAE04EC0-301F-11D3-BF4B-00C04F79EFBC}") = "DealerBLL", "..\DealerBLL\DealerBLL.csproj", "{3FD0288D-BA38-4614-BAE6-C78850BA3D0F}"
EndProject
Project("{FAE04EC0-301F-11D3-BF4B-00C04F79EFBC}") = "DealerDAL", "..\DealerDAL\DealerDAL.csproj", "{073AA744-FFFD-43E3-889E-FDFEAB2FEA60}"
EndProject
Global
	GlobalSection(SolutionConfigurationPlatforms) = preSolution
		Debug|Any CPU = Debug|Any CPU
		Release|Any CPU = Release|Any CPU
	EndGlobalSection
	GlobalSection(ProjectConfigurationPlatforms) = postSolution
		{945812CA-6024-49A1-848C-9DEC5665165B}.Debug|Any CPU.ActiveCfg = Debug|Any CPU
		{945812CA-6024-49A1-848C-9DEC5665165B}.Debug|Any CPU.Build.0 = Debug|Any CPU
		{945812CA-6024-49A1-848C-9DEC5665165B}.Release|Any CPU.ActiveCfg = Release|Any CPU
		{945812CA-6024-49A1-848C-9DEC5665165B}.Release|Any CPU.Build.0 = Release|Any CPU
		{3FD0288D-BA38-4614-BAE6-C78850BA3D0F}.Debug|Any CPU.ActiveCfg = Debug|Any CPU
		{3FD0288D-BA38-4614-BAE6-C78850BA3D0F}.Debug|Any CPU.Build.0 = Debug|Any CPU
		{3FD0288D-BA38-4614-BAE6-C78850BA3D0F}.Release|Any CPU.ActiveCfg = Release|Any CPU
		{3FD0288D-BA38-4614-BAE6-C78850BA3D0F}.Release|Any CPU.Build.0 = Release|Any CPU
		{073AA744-FFFD-43E3-889E-FDFEAB2FEA60}.Debug|Any CPU.ActiveCfg = Debug|Any CPU
		{073AA744-FFFD-43E3-889E-FDFEAB2FEA60}.Debug|Any CPU.Build.0 = Debug|Any CPU
		{073AA744-FFFD-43E3-889E-FDFEAB2FEA60}.Release|Any CPU.ActiveCfg = Release|Any CPU
		{073AA744-FFFD-43E3-889E-FDFEAB2FEA60}.Release|Any CPU.Build.0 = Release|Any CPU
	EndGlobalSection
	GlobalSection(SolutionProperties) = preSolution
		HideSolutionNode = FALSE
	EndGlobalSection
EndGlobal
